{
  "name": "mcporter-proxy",
  "version": "1.0.0",
  "lockfileVersion": 3,
  "requires": true,
  "packages": {
    "": {
      "name": "mcporter-proxy",
      "version": "1.0.0",
      "bin": {
        "mcporter-proxy": "mcporter-proxy.js"
      },
      "engines": {
        "node": ">=18"
      }
    }
  }
}
